
Microsoft Visual Studio Solution File, Format Version 12.00
Project("{FAE04EC0-301F-11D3-BF4B-00C04F79EFBC}") = "Hackathon", "Hackathon.csproj", "{A3D04116-CB00-4684-A183-D990990427CC}"
EndProject
Global
	GlobalSection(SolutionConfigurationPlatforms) = preSolution
		Debug|Any CPU = Debug|Any CPU
		Release|Any CPU = Release|Any CPU
	EndGlobalSection
	GlobalSection(ProjectConfigurationPlatforms) = postSolution
		{A3D04116-CB00-4684-A183-D990990427CC}.Debug|Any CPU.ActiveCfg = Debug|Any CPU
		{A3D04116-CB00-4684-A183-D990990427CC}.Debug|Any CPU.Build.0 = Debug|Any CPU
		{A3D04116-CB00-4684-A183-D990990427CC}.Release|Any CPU.ActiveCfg = Release|Any CPU
		{A3D04116-CB00-4684-A183-D990990427CC}.Release|Any CPU.Build.0 = Release|Any CPU
	EndGlobalSection
EndGlobal
