
Microsoft Visual Studio Solution File, Format Version 12.00
Project("{FAE04EC0-301F-11D3-BF4B-00C04F79EFBC}") = "Hackathon", "Hackathon\Hackathon.csproj", "{90386AC9-8347-4F2A-8728-56C84ADB30C1}"
EndProject
Project("{FAE04EC0-301F-11D3-BF4B-00C04F79EFBC}") = "HackathonTests", "HackathonTests\HackathonTests.csproj", "{843C1DC5-3818-49E9-9CB7-E06AEAB180C5}"
EndProject
Global
	GlobalSection(SolutionConfigurationPlatforms) = preSolution
		Debug|Any CPU = Debug|Any CPU
		Release|Any CPU = Release|Any CPU
	EndGlobalSection
	GlobalSection(ProjectConfigurationPlatforms) = postSolution
		{90386AC9-8347-4F2A-8728-56C84ADB30C1}.Debug|Any CPU.ActiveCfg = Debug|Any CPU
		{90386AC9-8347-4F2A-8728-56C84ADB30C1}.Debug|Any CPU.Build.0 = Debug|Any CPU
		{90386AC9-8347-4F2A-8728-56C84ADB30C1}.Release|Any CPU.ActiveCfg = Release|Any CPU
		{90386AC9-8347-4F2A-8728-56C84ADB30C1}.Release|Any CPU.Build.0 = Release|Any CPU
		{843C1DC5-3818-49E9-9CB7-E06AEAB180C5}.Debug|Any CPU.ActiveCfg = Debug|Any CPU
		{843C1DC5-3818-49E9-9CB7-E06AEAB180C5}.Debug|Any CPU.Build.0 = Debug|Any CPU
		{843C1DC5-3818-49E9-9CB7-E06AEAB180C5}.Release|Any CPU.ActiveCfg = Release|Any CPU
		{843C1DC5-3818-49E9-9CB7-E06AEAB180C5}.Release|Any CPU.Build.0 = Release|Any CPU
	EndGlobalSection
EndGlobal
